
Microsoft Visual Studio Solution File, Format Version 12.00
# Visual Studio Version 17
VisualStudioVersion = 17.0.31612.314
MinimumVisualStudioVersion = 10.0.40219.1
Project("{FAE04EC0-301F-11D3-BF4B-00C04F79EFBC}") = "Simple", "Simple.csproj", "{961F30F3-FE34-4751-8EF8-08548B743E9C}"
EndProject
Project("{9A19103F-16F7-4668-BE54-9A1E7A4F7556}") = "EndogenousUpdater", "..\..\src\EndogenousUpdater\EndogenousUpdater.csproj", "{A4485A56-1E24-4AA3-ADB3-BC1D7955BD7A}"
EndProject
Global
	GlobalSection(SolutionConfigurationPlatforms) = preSolution
		Debug|Any CPU = Debug|Any CPU
		Release|Any CPU = Release|Any CPU
	EndGlobalSection
	GlobalSection(ProjectConfigurationPlatforms) = postSolution
		{961F30F3-FE34-4751-8EF8-08548B743E9C}.Debug|Any CPU.ActiveCfg = Debug|Any CPU
		{961F30F3-FE34-4751-8EF8-08548B743E9C}.Debug|Any CPU.Build.0 = Debug|Any CPU
		{961F30F3-FE34-4751-8EF8-08548B743E9C}.Release|Any CPU.ActiveCfg = Release|Any CPU
		{961F30F3-FE34-4751-8EF8-08548B743E9C}.Release|Any CPU.Build.0 = Release|Any CPU
		{A4485A56-1E24-4AA3-ADB3-BC1D7955BD7A}.Debug|Any CPU.ActiveCfg = Debug|Any CPU
		{A4485A56-1E24-4AA3-ADB3-BC1D7955BD7A}.Debug|Any CPU.Build.0 = Debug|Any CPU
		{A4485A56-1E24-4AA3-ADB3-BC1D7955BD7A}.Release|Any CPU.ActiveCfg = Release|Any CPU
		{A4485A56-1E24-4AA3-ADB3-BC1D7955BD7A}.Release|Any CPU.Build.0 = Release|Any CPU
	EndGlobalSection
	GlobalSection(SolutionProperties) = preSolution
		HideSolutionNode = FALSE
	EndGlobalSection
	GlobalSection(ExtensibilityGlobals) = postSolution
		SolutionGuid = {1F3F1F21-FE9B-4ED1-9753-627FD8BC5EC8}
	EndGlobalSection
EndGlobal
